// !$*UTF8*$!
{
	archiveVersion = 1;
	classes = {
	};
	objectVersion = 46;
	objects = {

/* Begin PBXBuildFile section */
		1624EF911FC6F4D60034B2B1 /* OOPsController.m in Sources */ = {isa = PBXBuildFile; fileRef = 1624EF901FC6F4D60034B2B1 /* OOPsController.m */; };
		1624EF941FC6F6AE0034B2B1 /* GCD_ViewController.m in Sources */ = {isa = PBXBuildFile; fileRef = 1624EF931FC6F6AE0034B2B1 /* GCD_ViewController.m */; };
		1624EF971FC6F6FD0034B2B1 /* NSOperationQueue_ViewController.m in Sources */ = {isa = PBXBuildFile; fileRef = 1624EF961FC6F6FD0034B2B1 /* NSOperationQueue_ViewController.m */; };
		612138111EB84C8000F3DF85 /* Obj-CIntroViewController.m in Sources */ = {isa = PBXBuildFile; fileRef = 612138101EB84C8000F3DF85 /* Obj-CIntroViewController.m */; };
		612138321EB8685A00F3DF85 /* Obj-CBasicViewController.m in Sources */ = {isa = PBXBuildFile; fileRef = 612138311EB8685A00F3DF85 /* Obj-CBasicViewController.m */; };
		612138351EB8841700F3DF85 /* Obj-CFunctionsViewController.m in Sources */ = {isa = PBXBuildFile; fileRef = 612138341EB8841700F3DF85 /* Obj-CFunctionsViewController.m */; };
		612138381EB8848A00F3DF85 /* Obj-CBlocksViewController.m in Sources */ = {isa = PBXBuildFile; fileRef = 612138371EB8848A00F3DF85 /* Obj-CBlocksViewController.m */; };
		6121383B1EB884FF00F3DF85 /* Obj-CNum&StrViewController.m in Sources */ = {isa = PBXBuildFile; fileRef = 6121383A1EB884FF00F3DF85 /* Obj-CNum&StrViewController.m */; };
		6121383E1EB88A9D00F3DF85 /* NSString+RemoveNums.m in Sources */ = {isa = PBXBuildFile; fileRef = 6121383D1EB88A9D00F3DF85 /* NSString+RemoveNums.m */; };
		612138411EB891C300F3DF85 /* Obj-CCategoriesViewController.m in Sources */ = {isa = PBXBuildFile; fileRef = 612138401EB891C300F3DF85 /* Obj-CCategoriesViewController.m */; };
		612138471EB89FDF00F3DF85 /* OpeningDeviceAppsViewController.m in Sources */ = {isa = PBXBuildFile; fileRef = 612138461EB89FDF00F3DF85 /* OpeningDeviceAppsViewController.m */; };
		6121384B1EB8A08600F3DF85 /* IMPCodesTableViewController.m in Sources */ = {isa = PBXBuildFile; fileRef = 6121384A1EB8A08600F3DF85 /* IMPCodesTableViewController.m */; };
		612138511EB8BA4600F3DF85 /* Obj-CAllStorageTypesViewController.m in Sources */ = {isa = PBXBuildFile; fileRef = 612138501EB8BA4600F3DF85 /* Obj-CAllStorageTypesViewController.m */; };
		61274B041ECADD5700CB7AC9 /* InAppPurchaseViewController.m in Sources */ = {isa = PBXBuildFile; fileRef = 61274B031ECADD5700CB7AC9 /* InAppPurchaseViewController.m */; };
		61274B3D1ECB23D000CB7AC9 /* UIBarsViewController.m in Sources */ = {isa = PBXBuildFile; fileRef = 61274B3C1ECB23D000CB7AC9 /* UIBarsViewController.m */; };
		61274B401ECB23EF00CB7AC9 /* UIViewsViewController.m in Sources */ = {isa = PBXBuildFile; fileRef = 61274B3F1ECB23EF00CB7AC9 /* UIViewsViewController.m */; };
		61274B431ECB24F200CB7AC9 /* UIControlsViewController.m in Sources */ = {isa = PBXBuildFile; fileRef = 61274B421ECB24F200CB7AC9 /* UIControlsViewController.m */; };
		61274B461ECB251200CB7AC9 /* UIExtensionsViewController.m in Sources */ = {isa = PBXBuildFile; fileRef = 61274B451ECB251200CB7AC9 /* UIExtensionsViewController.m */; };
		61274B491ECB254000CB7AC9 /* UITechnologiesViewController.m in Sources */ = {isa = PBXBuildFile; fileRef = 61274B481ECB254000CB7AC9 /* UITechnologiesViewController.m */; };
		617E83401ED6BA75008C604B /* Project-Initation.rtf in Resources */ = {isa = PBXBuildFile; fileRef = 617E833F1ED6BA75008C604B /* Project-Initation.rtf */; };
		617E83421ED6BAA1008C604B /* Working-Instructions.rtf in Resources */ = {isa = PBXBuildFile; fileRef = 617E83411ED6BAA1008C604B /* Working-Instructions.rtf */; };
		617E83441ED6BB19008C604B /* AppStore-Instructions.rtf in Resources */ = {isa = PBXBuildFile; fileRef = 617E83431ED6BB19008C604B /* AppStore-Instructions.rtf */; };
		C821E7B71EC29DD000D3AF8D /* Obj-PolymorphismViewController.m in Sources */ = {isa = PBXBuildFile; fileRef = C821E7B61EC29DD000D3AF8D /* Obj-PolymorphismViewController.m */; };
		C821E7BA1EC29F1C00D3AF8D /* Obj-Encapsulation&AbstractionViewController.m in Sources */ = {isa = PBXBuildFile; fileRef = C821E7B91EC29F1C00D3AF8D /* Obj-Encapsulation&AbstractionViewController.m */; };
		C82B883C1EB8048F00D3E56B /* Coding-Standerds.rtf in Resources */ = {isa = PBXBuildFile; fileRef = C82B883B1EB8048F00D3E56B /* Coding-Standerds.rtf */; };
		C86183C11EAE60F7000C08DA /* main.m in Sources */ = {isa = PBXBuildFile; fileRef = C86183C01EAE60F7000C08DA /* main.m */; };
		C86183C41EAE60F7000C08DA /* AppDelegate.m in Sources */ = {isa = PBXBuildFile; fileRef = C86183C31EAE60F7000C08DA /* AppDelegate.m */; };
		C86183CA1EAE60F7000C08DA /* Main.storyboard in Resources */ = {isa = PBXBuildFile; fileRef = C86183C81EAE60F7000C08DA /* Main.storyboard */; };
		C86183CD1EAE60F7000C08DA /* AllInOne_ObjC.xcdatamodeld in Sources */ = {isa = PBXBuildFile; fileRef = C86183CB1EAE60F7000C08DA /* AllInOne_ObjC.xcdatamodeld */; };
		C86183CF1EAE60F7000C08DA /* Assets.xcassets in Resources */ = {isa = PBXBuildFile; fileRef = C86183CE1EAE60F7000C08DA /* Assets.xcassets */; };
		C86183D21EAE60F7000C08DA /* LaunchScreen.storyboard in Resources */ = {isa = PBXBuildFile; fileRef = C86183D01EAE60F7000C08DA /* LaunchScreen.storyboard */; };
		C86183DD1EAE60F7000C08DA /* AllInOne_ObjCTests.m in Sources */ = {isa = PBXBuildFile; fileRef = C86183DC1EAE60F7000C08DA /* AllInOne_ObjCTests.m */; };
		C86183E81EAE60F7000C08DA /* AllInOne_ObjCUITests.m in Sources */ = {isa = PBXBuildFile; fileRef = C86183E71EAE60F7000C08DA /* AllInOne_ObjCUITests.m */; };
		C876CB241EB30C0300CBE149 /* Obj-CTableViewController.m in Sources */ = {isa = PBXBuildFile; fileRef = C876CB231EB30C0300CBE149 /* Obj-CTableViewController.m */; };
		C876CB271EB3108F00CBE149 /* Obj-CTableViewCell.m in Sources */ = {isa = PBXBuildFile; fileRef = C876CB261EB3108F00CBE149 /* Obj-CTableViewCell.m */; };
		C89D83781EBF661600386DEB /* Obj-InheritanceViewController.m in Sources */ = {isa = PBXBuildFile; fileRef = C89D83771EBF661600386DEB /* Obj-InheritanceViewController.m */; };
		C8D1CDD21EBF5A5D00F9FAB9 /* Obj_ClassesAndObjectViewController.m in Sources */ = {isa = PBXBuildFile; fileRef = C8D1CDD11EBF5A5D00F9FAB9 /* Obj_ClassesAndObjectViewController.m */; };
		C8DFDCBD1EAFBB9400A1E4F1 /* SimpleTableViewController.m in Sources */ = {isa = PBXBuildFile; fileRef = C8DFDCBC1EAFBB9400A1E4F1 /* SimpleTableViewController.m */; };
		C8DFDCC31EAFBE0400A1E4F1 /* SimpleTableViewCell.m in Sources */ = {isa = PBXBuildFile; fileRef = C8DFDCC21EAFBE0400A1E4F1 /* SimpleTableViewCell.m */; };
		C8EA20021EDE49F10035921C /* Obj-C.storyboard in Resources */ = {isa = PBXBuildFile; fileRef = C8EA20011EDE49F10035921C /* Obj-C.storyboard */; };
/* End PBXBuildFile section */

/* Begin PBXContainerItemProxy section */
		C86183D91EAE60F7000C08DA /* PBXContainerItemProxy */ = {
			isa = PBXContainerItemProxy;
			containerPortal = C86183B41EAE60F7000C08DA /* Project object */;
			proxyType = 1;
			remoteGlobalIDString = C86183BB1EAE60F7000C08DA;
			remoteInfo = AllInOne_ObjC;
		};
		C86183E41EAE60F7000C08DA /* PBXContainerItemProxy */ = {
			isa = PBXContainerItemProxy;
			containerPortal = C86183B41EAE60F7000C08DA /* Project object */;
			proxyType = 1;
			remoteGlobalIDString = C86183BB1EAE60F7000C08DA;
			remoteInfo = AllInOne_ObjC;
		};
/* End PBXContainerItemProxy section */

/* Begin PBXFileReference section */
		1624EF901FC6F4D60034B2B1 /* OOPsController.m */ = {isa = PBXFileReference; lastKnownFileType = sourcecode.c.objc; path = OOPsController.m; sourceTree = "<group>"; };
		1624EF921FC6F6AE0034B2B1 /* GCD_ViewController.h */ = {isa = PBXFileReference; lastKnownFileType = sourcecode.c.h; path = GCD_ViewController.h; sourceTree = "<group>"; };
		1624EF931FC6F6AE0034B2B1 /* GCD_ViewController.m */ = {isa = PBXFileReference; lastKnownFileType = sourcecode.c.objc; path = GCD_ViewController.m; sourceTree = "<group>"; };
		1624EF951FC6F6FD0034B2B1 /* NSOperationQueue_ViewController.h */ = {isa = PBXFileReference; lastKnownFileType = sourcecode.c.h; path = NSOperationQueue_ViewController.h; sourceTree = "<group>"; };
		1624EF961FC6F6FD0034B2B1 /* NSOperationQueue_ViewController.m */ = {isa = PBXFileReference; lastKnownFileType = sourcecode.c.objc; path = NSOperationQueue_ViewController.m; sourceTree = "<group>"; };
		6121380F1EB84C8000F3DF85 /* Obj-CIntroViewController.h */ = {isa = PBXFileReference; fileEncoding = 4; lastKnownFileType = sourcecode.c.h; path = "Obj-CIntroViewController.h"; sourceTree = "<group>"; };
		612138101EB84C8000F3DF85 /* Obj-CIntroViewController.m */ = {isa = PBXFileReference; fileEncoding = 4; lastKnownFileType = sourcecode.c.objc; path = "Obj-CIntroViewController.m"; sourceTree = "<group>"; };
		612138301EB8685A00F3DF85 /* Obj-CBasicViewController.h */ = {isa = PBXFileReference; fileEncoding = 4; lastKnownFileType = sourcecode.c.h; path = "Obj-CBasicViewController.h"; sourceTree = "<group>"; };
		612138311EB8685A00F3DF85 /* Obj-CBasicViewController.m */ = {isa = PBXFileReference; fileEncoding = 4; lastKnownFileType = sourcecode.c.objc; path = "Obj-CBasicViewController.m"; sourceTree = "<group>"; };
		612138331EB8841700F3DF85 /* Obj-CFunctionsViewController.h */ = {isa = PBXFileReference; fileEncoding = 4; lastKnownFileType = sourcecode.c.h; path = "Obj-CFunctionsViewController.h"; sourceTree = "<group>"; };
		612138341EB8841700F3DF85 /* Obj-CFunctionsViewController.m */ = {isa = PBXFileReference; fileEncoding = 4; lastKnownFileType = sourcecode.c.objc; path = "Obj-CFunctionsViewController.m"; sourceTree = "<group>"; };
		612138361EB8848A00F3DF85 /* Obj-CBlocksViewController.h */ = {isa = PBXFileReference; fileEncoding = 4; lastKnownFileType = sourcecode.c.h; path = "Obj-CBlocksViewController.h"; sourceTree = "<group>"; };
		612138371EB8848A00F3DF85 /* Obj-CBlocksViewController.m */ = {isa = PBXFileReference; fileEncoding = 4; lastKnownFileType = sourcecode.c.objc; path = "Obj-CBlocksViewController.m"; sourceTree = "<group>"; };
		612138391EB884FF00F3DF85 /* Obj-CNum&StrViewController.h */ = {isa = PBXFileReference; fileEncoding = 4; lastKnownFileType = sourcecode.c.h; path = "Obj-CNum&StrViewController.h"; sourceTree = "<group>"; };
		6121383A1EB884FF00F3DF85 /* Obj-CNum&StrViewController.m */ = {isa = PBXFileReference; fileEncoding = 4; lastKnownFileType = sourcecode.c.objc; path = "Obj-CNum&StrViewController.m"; sourceTree = "<group>"; };
		6121383C1EB88A9D00F3DF85 /* NSString+RemoveNums.h */ = {isa = PBXFileReference; fileEncoding = 4; lastKnownFileType = sourcecode.c.h; path = "NSString+RemoveNums.h"; sourceTree = "<group>"; };
		6121383D1EB88A9D00F3DF85 /* NSString+RemoveNums.m */ = {isa = PBXFileReference; fileEncoding = 4; lastKnownFileType = sourcecode.c.objc; path = "NSString+RemoveNums.m"; sourceTree = "<group>"; };
		6121383F1EB891C300F3DF85 /* Obj-CCategoriesViewController.h */ = {isa = PBXFileReference; fileEncoding = 4; lastKnownFileType = sourcecode.c.h; path = "Obj-CCategoriesViewController.h"; sourceTree = "<group>"; };
		612138401EB891C300F3DF85 /* Obj-CCategoriesViewController.m */ = {isa = PBXFileReference; fileEncoding = 4; lastKnownFileType = sourcecode.c.objc; path = "Obj-CCategoriesViewController.m"; sourceTree = "<group>"; };
		612138451EB89FDF00F3DF85 /* OpeningDeviceAppsViewController.h */ = {isa = PBXFileReference; fileEncoding = 4; lastKnownFileType = sourcecode.c.h; path = OpeningDeviceAppsViewController.h; sourceTree = "<group>"; };
		612138461EB89FDF00F3DF85 /* OpeningDeviceAppsViewController.m */ = {isa = PBXFileReference; fileEncoding = 4; lastKnownFileType = sourcecode.c.objc; path = OpeningDeviceAppsViewController.m; sourceTree = "<group>"; };
		612138491EB8A08600F3DF85 /* IMPCodesTableViewController.h */ = {isa = PBXFileReference; fileEncoding = 4; lastKnownFileType = sourcecode.c.h; path = IMPCodesTableViewController.h; sourceTree = "<group>"; };
		6121384A1EB8A08600F3DF85 /* IMPCodesTableViewController.m */ = {isa = PBXFileReference; fileEncoding = 4; lastKnownFileType = sourcecode.c.objc; path = IMPCodesTableViewController.m; sourceTree = "<group>"; };
		6121384C1EB8AAD700F3DF85 /* SimpleProtocolExample.h */ = {isa = PBXFileReference; fileEncoding = 4; lastKnownFileType = sourcecode.c.h; path = SimpleProtocolExample.h; sourceTree = "<group>"; };
		6121384E1EB8B48100F3DF85 /* NSString_ExtensionExample.h */ = {isa = PBXFileReference; fileEncoding = 4; lastKnownFileType = sourcecode.c.h; path = NSString_ExtensionExample.h; sourceTree = "<group>"; };
		6121384F1EB8BA4600F3DF85 /* Obj-CAllStorageTypesViewController.h */ = {isa = PBXFileReference; fileEncoding = 4; lastKnownFileType = sourcecode.c.h; path = "Obj-CAllStorageTypesViewController.h"; sourceTree = "<group>"; };
		612138501EB8BA4600F3DF85 /* Obj-CAllStorageTypesViewController.m */ = {isa = PBXFileReference; fileEncoding = 4; lastKnownFileType = sourcecode.c.objc; path = "Obj-CAllStorageTypesViewController.m"; sourceTree = "<group>"; };
		61274B021ECADD5700CB7AC9 /* InAppPurchaseViewController.h */ = {isa = PBXFileReference; fileEncoding = 4; lastKnownFileType = sourcecode.c.h; path = InAppPurchaseViewController.h; sourceTree = "<group>"; };
		61274B031ECADD5700CB7AC9 /* InAppPurchaseViewController.m */ = {isa = PBXFileReference; fileEncoding = 4; lastKnownFileType = sourcecode.c.objc; path = InAppPurchaseViewController.m; sourceTree = "<group>"; };
		61274B3B1ECB23D000CB7AC9 /* UIBarsViewController.h */ = {isa = PBXFileReference; fileEncoding = 4; lastKnownFileType = sourcecode.c.h; path = UIBarsViewController.h; sourceTree = "<group>"; };
		61274B3C1ECB23D000CB7AC9 /* UIBarsViewController.m */ = {isa = PBXFileReference; fileEncoding = 4; lastKnownFileType = sourcecode.c.objc; path = UIBarsViewController.m; sourceTree = "<group>"; };
		61274B3E1ECB23EF00CB7AC9 /* UIViewsViewController.h */ = {isa = PBXFileReference; fileEncoding = 4; lastKnownFileType = sourcecode.c.h; path = UIViewsViewController.h; sourceTree = "<group>"; };
		61274B3F1ECB23EF00CB7AC9 /* UIViewsViewController.m */ = {isa = PBXFileReference; fileEncoding = 4; lastKnownFileType = sourcecode.c.objc; path = UIViewsViewController.m; sourceTree = "<group>"; };
		61274B411ECB24F200CB7AC9 /* UIControlsViewController.h */ = {isa = PBXFileReference; fileEncoding = 4; lastKnownFileType = sourcecode.c.h; path = UIControlsViewController.h; sourceTree = "<group>"; };
		61274B421ECB24F200CB7AC9 /* UIControlsViewController.m */ = {isa = PBXFileReference; fileEncoding = 4; lastKnownFileType = sourcecode.c.objc; path = UIControlsViewController.m; sourceTree = "<group>"; };
		61274B441ECB251200CB7AC9 /* UIExtensionsViewController.h */ = {isa = PBXFileReference; fileEncoding = 4; lastKnownFileType = sourcecode.c.h; path = UIExtensionsViewController.h; sourceTree = "<group>"; };
		61274B451ECB251200CB7AC9 /* UIExtensionsViewController.m */ = {isa = PBXFileReference; fileEncoding = 4; lastKnownFileType = sourcecode.c.objc; path = UIExtensionsViewController.m; sourceTree = "<group>"; };
		61274B471ECB254000CB7AC9 /* UITechnologiesViewController.h */ = {isa = PBXFileReference; fileEncoding = 4; lastKnownFileType = sourcecode.c.h; path = UITechnologiesViewController.h; sourceTree = "<group>"; };
		61274B481ECB254000CB7AC9 /* UITechnologiesViewController.m */ = {isa = PBXFileReference; fileEncoding = 4; lastKnownFileType = sourcecode.c.objc; path = UITechnologiesViewController.m; sourceTree = "<group>"; };
		617E833F1ED6BA75008C604B /* Project-Initation.rtf */ = {isa = PBXFileReference; fileEncoding = 4; lastKnownFileType = text.rtf; path = "Project-Initation.rtf"; sourceTree = "<group>"; };
		617E83411ED6BAA1008C604B /* Working-Instructions.rtf */ = {isa = PBXFileReference; fileEncoding = 4; lastKnownFileType = text.rtf; path = "Working-Instructions.rtf"; sourceTree = "<group>"; };
		617E83431ED6BB19008C604B /* AppStore-Instructions.rtf */ = {isa = PBXFileReference; fileEncoding = 4; lastKnownFileType = text.rtf; path = "AppStore-Instructions.rtf"; sourceTree = "<group>"; };
		C821E7B51EC29DD000D3AF8D /* Obj-PolymorphismViewController.h */ = {isa = PBXFileReference; fileEncoding = 4; lastKnownFileType = sourcecode.c.h; path = "Obj-PolymorphismViewController.h"; sourceTree = "<group>"; };
		C821E7B61EC29DD000D3AF8D /* Obj-PolymorphismViewController.m */ = {isa = PBXFileReference; fileEncoding = 4; lastKnownFileType = sourcecode.c.objc; path = "Obj-PolymorphismViewController.m"; sourceTree = "<group>"; };
		C821E7B81EC29F1C00D3AF8D /* Obj-Encapsulation&AbstractionViewController.h */ = {isa = PBXFileReference; fileEncoding = 4; lastKnownFileType = sourcecode.c.h; path = "Obj-Encapsulation&AbstractionViewController.h"; sourceTree = "<group>"; };
		C821E7B91EC29F1C00D3AF8D /* Obj-Encapsulation&AbstractionViewController.m */ = {isa = PBXFileReference; fileEncoding = 4; lastKnownFileType = sourcecode.c.objc; path = "Obj-Encapsulation&AbstractionViewController.m"; sourceTree = "<group>"; };
		C82B883B1EB8048F00D3E56B /* Coding-Standerds.rtf */ = {isa = PBXFileReference; fileEncoding = 4; lastKnownFileType = text.rtf; path = "Coding-Standerds.rtf"; sourceTree = "<group>"; };
		C86183BC1EAE60F7000C08DA /* AllInOne_ObjC.app */ = {isa = PBXFileReference; explicitFileType = wrapper.application; includeInIndex = 0; path = AllInOne_ObjC.app; sourceTree = BUILT_PRODUCTS_DIR; };
		C86183C01EAE60F7000C08DA /* main.m */ = {isa = PBXFileReference; lastKnownFileType = sourcecode.c.objc; path = main.m; sourceTree = "<group>"; };
		C86183C21EAE60F7000C08DA /* AppDelegate.h */ = {isa = PBXFileReference; lastKnownFileType = sourcecode.c.h; path = AppDelegate.h; sourceTree = "<group>"; };
		C86183C31EAE60F7000C08DA /* AppDelegate.m */ = {isa = PBXFileReference; lastKnownFileType = sourcecode.c.objc; path = AppDelegate.m; sourceTree = "<group>"; };
		C86183C91EAE60F7000C08DA /* Base */ = {isa = PBXFileReference; lastKnownFileType = file.storyboard; name = Base; path = Base.lproj/Main.storyboard; sourceTree = "<group>"; };
		C86183CC1EAE60F7000C08DA /* AllInOne_ObjC.xcdatamodel */ = {isa = PBXFileReference; lastKnownFileType = wrapper.xcdatamodel; path = AllInOne_ObjC.xcdatamodel; sourceTree = "<group>"; };
		C86183CE1EAE60F7000C08DA /* Assets.xcassets */ = {isa = PBXFileReference; lastKnownFileType = folder.assetcatalog; path = Assets.xcassets; sourceTree = "<group>"; };
		C86183D11EAE60F7000C08DA /* Base */ = {isa = PBXFileReference; lastKnownFileType = file.storyboard; name = Base; path = Base.lproj/LaunchScreen.storyboard; sourceTree = "<group>"; };
		C86183D31EAE60F7000C08DA /* Info.plist */ = {isa = PBXFileReference; lastKnownFileType = text.plist.xml; path = Info.plist; sourceTree = "<group>"; };
		C86183D81EAE60F7000C08DA /* AllInOne_ObjCTests.xctest */ = {isa = PBXFileReference; explicitFileType = wrapper.cfbundle; includeInIndex = 0; path = AllInOne_ObjCTests.xctest; sourceTree = BUILT_PRODUCTS_DIR; };
		C86183DC1EAE60F7000C08DA /* AllInOne_ObjCTests.m */ = {isa = PBXFileReference; lastKnownFileType = sourcecode.c.objc; path = AllInOne_ObjCTests.m; sourceTree = "<group>"; };
		C86183DE1EAE60F7000C08DA /* Info.plist */ = {isa = PBXFileReference; lastKnownFileType = text.plist.xml; path = Info.plist; sourceTree = "<group>"; };
		C86183E31EAE60F7000C08DA /* AllInOne_ObjCUITests.xctest */ = {isa = PBXFileReference; explicitFileType = wrapper.cfbundle; includeInIndex = 0; path = AllInOne_ObjCUITests.xctest; sourceTree = BUILT_PRODUCTS_DIR; };
		C86183E71EAE60F7000C08DA /* AllInOne_ObjCUITests.m */ = {isa = PBXFileReference; lastKnownFileType = sourcecode.c.objc; path = AllInOne_ObjCUITests.m; sourceTree = "<group>"; };
		C86183E91EAE60F7000C08DA /* Info.plist */ = {isa = PBXFileReference; lastKnownFileType = text.plist.xml; path = Info.plist; sourceTree = "<group>"; };
		C876CB221EB30C0300CBE149 /* Obj-CTableViewController.h */ = {isa = PBXFileReference; fileEncoding = 4; lastKnownFileType = sourcecode.c.h; path = "Obj-CTableViewController.h"; sourceTree = "<group>"; };
		C876CB231EB30C0300CBE149 /* Obj-CTableViewController.m */ = {isa = PBXFileReference; fileEncoding = 4; lastKnownFileType = sourcecode.c.objc; path = "Obj-CTableViewController.m"; sourceTree = "<group>"; };
		C876CB251EB3108F00CBE149 /* Obj-CTableViewCell.h */ = {isa = PBXFileReference; fileEncoding = 4; lastKnownFileType = sourcecode.c.h; path = "Obj-CTableViewCell.h"; sourceTree = "<group>"; };
		C876CB261EB3108F00CBE149 /* Obj-CTableViewCell.m */ = {isa = PBXFileReference; fileEncoding = 4; lastKnownFileType = sourcecode.c.objc; path = "Obj-CTableViewCell.m"; sourceTree = "<group>"; };
		C89D83761EBF661600386DEB /* Obj-InheritanceViewController.h */ = {isa = PBXFileReference; fileEncoding = 4; lastKnownFileType = sourcecode.c.h; path = "Obj-InheritanceViewController.h"; sourceTree = "<group>"; };
		C89D83771EBF661600386DEB /* Obj-InheritanceViewController.m */ = {isa = PBXFileReference; fileEncoding = 4; lastKnownFileType = sourcecode.c.objc; path = "Obj-InheritanceViewController.m"; sourceTree = "<group>"; };
		C8D1CDD01EBF5A5D00F9FAB9 /* Obj_ClassesAndObjectViewController.h */ = {isa = PBXFileReference; fileEncoding = 4; lastKnownFileType = sourcecode.c.h; path = Obj_ClassesAndObjectViewController.h; sourceTree = "<group>"; };
		C8D1CDD11EBF5A5D00F9FAB9 /* Obj_ClassesAndObjectViewController.m */ = {isa = PBXFileReference; fileEncoding = 4; lastKnownFileType = sourcecode.c.objc; path = Obj_ClassesAndObjectViewController.m; sourceTree = "<group>"; };
		C8DFDCBB1EAFBB9400A1E4F1 /* SimpleTableViewController.h */ = {isa = PBXFileReference; fileEncoding = 4; lastKnownFileType = sourcecode.c.h; path = SimpleTableViewController.h; sourceTree = "<group>"; };
		C8DFDCBC1EAFBB9400A1E4F1 /* SimpleTableViewController.m */ = {isa = PBXFileReference; fileEncoding = 4; lastKnownFileType = sourcecode.c.objc; path = SimpleTableViewController.m; sourceTree = "<group>"; };
		C8DFDCC11EAFBE0400A1E4F1 /* SimpleTableViewCell.h */ = {isa = PBXFileReference; fileEncoding = 4; lastKnownFileType = sourcecode.c.h; path = SimpleTableViewCell.h; sourceTree = "<group>"; };
		C8DFDCC21EAFBE0400A1E4F1 /* SimpleTableViewCell.m */ = {isa = PBXFileReference; fileEncoding = 4; lastKnownFileType = sourcecode.c.objc; path = SimpleTableViewCell.m; sourceTree = "<group>"; };
		C8EA20011EDE49F10035921C /* Obj-C.storyboard */ = {isa = PBXFileReference; fileEncoding = 4; lastKnownFileType = file.storyboard; path = "Obj-C.storyboard"; sourceTree = "<group>"; };
/* End PBXFileReference section */

/* Begin PBXFrameworksBuildPhase section */
		C86183B91EAE60F7000C08DA /* Frameworks */ = {
			isa = PBXFrameworksBuildPhase;
			buildActionMask = 2147483647;
			files = (
			);
			runOnlyForDeploymentPostprocessing = 0;
		};
		C86183D51EAE60F7000C08DA /* Frameworks */ = {
			isa = PBXFrameworksBuildPhase;
			buildActionMask = 2147483647;
			files = (
			);
			runOnlyForDeploymentPostprocessing = 0;
		};
		C86183E01EAE60F7000C08DA /* Frameworks */ = {
			isa = PBXFrameworksBuildPhase;
			buildActionMask = 2147483647;
			files = (
			);
			runOnlyForDeploymentPostprocessing = 0;
		};
/* End PBXFrameworksBuildPhase section */

/* Begin PBXGroup section */
		1624EF981FC6F70A0034B2B1 /* NSOperationQueue */ = {
			isa = PBXGroup;
			children = (
				1624EF951FC6F6FD0034B2B1 /* NSOperationQueue_ViewController.h */,
				1624EF961FC6F6FD0034B2B1 /* NSOperationQueue_ViewController.m */,
			);
			name = NSOperationQueue;
			sourceTree = "<group>";
		};
		1624EF991FC6F71C0034B2B1 /* GCD */ = {
			isa = PBXGroup;
			children = (
				1624EF921FC6F6AE0034B2B1 /* GCD_ViewController.h */,
				1624EF931FC6F6AE0034B2B1 /* GCD_ViewController.m */,
			);
			name = GCD;
			sourceTree = "<group>";
		};
		612138121EB84C9300F3DF85 /* Intro */ = {
			isa = PBXGroup;
			children = (
				6121380F1EB84C8000F3DF85 /* Obj-CIntroViewController.h */,
				612138101EB84C8000F3DF85 /* Obj-CIntroViewController.m */,
			);
			name = Intro;
			sourceTree = "<group>";
		};
		612138161EB84CD400F3DF85 /* Basics */ = {
			isa = PBXGroup;
			children = (
				612138301EB8685A00F3DF85 /* Obj-CBasicViewController.h */,
				612138311EB8685A00F3DF85 /* Obj-CBasicViewController.m */,
			);
			name = Basics;
			sourceTree = "<group>";
		};
		612138171EB84E2400F3DF85 /* Functions */ = {
			isa = PBXGroup;
			children = (
				612138331EB8841700F3DF85 /* Obj-CFunctionsViewController.h */,
				612138341EB8841700F3DF85 /* Obj-CFunctionsViewController.m */,
			);
			name = Functions;
			sourceTree = "<group>";
		};
		612138181EB84E3D00F3DF85 /* Blocks */ = {
			isa = PBXGroup;
			children = (
				612138361EB8848A00F3DF85 /* Obj-CBlocksViewController.h */,
				612138371EB8848A00F3DF85 /* Obj-CBlocksViewController.m */,
			);
			name = Blocks;
			sourceTree = "<group>";
		};
		612138191EB84E6300F3DF85 /* Number & Strings */ = {
			isa = PBXGroup;
			children = (
				612138391EB884FF00F3DF85 /* Obj-CNum&StrViewController.h */,
				6121383A1EB884FF00F3DF85 /* Obj-CNum&StrViewController.m */,
			);
			name = "Number & Strings";
			sourceTree = "<group>";
		};
		6121381A1EB84E7B00F3DF85 /* All Storage Types */ = {
			isa = PBXGroup;
			children = (
				6121384F1EB8BA4600F3DF85 /* Obj-CAllStorageTypesViewController.h */,
				612138501EB8BA4600F3DF85 /* Obj-CAllStorageTypesViewController.m */,
			);
			name = "All Storage Types";
			sourceTree = "<group>";
		};
		6121381B1EB84EE100F3DF85 /* Pointers */ = {
			isa = PBXGroup;
			children = (
			);
			name = Pointers;
			sourceTree = "<group>";
		};
		6121381C1EB84EEC00F3DF85 /* Structures */ = {
			isa = PBXGroup;
			children = (
			);
			name = Structures;
			sourceTree = "<group>";
		};
		6121381D1EB84EFE00F3DF85 /* Preprocessors */ = {
			isa = PBXGroup;
			children = (
			);
			name = Preprocessors;
			sourceTree = "<group>";
		};
		6121381E1EB84F1500F3DF85 /* Typedef */ = {
			isa = PBXGroup;
			children = (
			);
			name = Typedef;
			sourceTree = "<group>";
		};
		6121381F1EB84F2A00F3DF85 /* Type Casting */ = {
			isa = PBXGroup;
			children = (
			);
			name = "Type Casting";
			sourceTree = "<group>";
		};
		612138201EB84F4C00F3DF85 /* Log Handling */ = {
			isa = PBXGroup;
			children = (
			);
			name = "Log Handling";
			sourceTree = "<group>";
		};
		612138211EB84F6400F3DF85 /* Error Handling */ = {
			isa = PBXGroup;
			children = (
			);
			name = "Error Handling";
			sourceTree = "<group>";
		};
		612138221EB84F9F00F3DF85 /* Multi Threading */ = {
			isa = PBXGroup;
			children = (
				1624EF991FC6F71C0034B2B1 /* GCD */,
				1624EF981FC6F70A0034B2B1 /* NSOperationQueue */,
			);
			name = "Multi Threading";
			sourceTree = "<group>";
		};
		612138231EB84FBB00F3DF85 /* Classes & Objects */ = {
			isa = PBXGroup;
			children = (
				C8D1CDD01EBF5A5D00F9FAB9 /* Obj_ClassesAndObjectViewController.h */,
				C8D1CDD11EBF5A5D00F9FAB9 /* Obj_ClassesAndObjectViewController.m */,
			);
			name = "Classes & Objects";
			sourceTree = "<group>";
		};
		612138241EB8508700F3DF85 /* Inheritance */ = {
			isa = PBXGroup;
			children = (
				C89D83761EBF661600386DEB /* Obj-InheritanceViewController.h */,
				C89D83771EBF661600386DEB /* Obj-InheritanceViewController.m */,
			);
			name = Inheritance;
			sourceTree = "<group>";
		};
		612138251EB8509B00F3DF85 /* Polymorphism */ = {
			isa = PBXGroup;
			children = (
				C821E7B51EC29DD000D3AF8D /* Obj-PolymorphismViewController.h */,
				C821E7B61EC29DD000D3AF8D /* Obj-PolymorphismViewController.m */,
			);
			name = Polymorphism;
			sourceTree = "<group>";
		};
		612138261EB850B100F3DF85 /* Encapsulation / Abstraction */ = {
			isa = PBXGroup;
			children = (
				C821E7B81EC29F1C00D3AF8D /* Obj-Encapsulation&AbstractionViewController.h */,
				C821E7B91EC29F1C00D3AF8D /* Obj-Encapsulation&AbstractionViewController.m */,
			);
			name = "Encapsulation / Abstraction";
			sourceTree = "<group>";
		};
		612138271EB850E300F3DF85 /* Categories */ = {
			isa = PBXGroup;
			children = (
				612138421EB8939800F3DF85 /* NSString Category */,
			);
			name = Categories;
			sourceTree = "<group>";
		};
		612138281EB8511100F3DF85 /* Posing */ = {
			isa = PBXGroup;
			children = (
			);
			name = Posing;
			sourceTree = "<group>";
		};
		612138291EB8512600F3DF85 /* Extensions */ = {
			isa = PBXGroup;
			children = (
				6121384E1EB8B48100F3DF85 /* NSString_ExtensionExample.h */,
			);
			name = Extensions;
			sourceTree = "<group>";
		};
		6121382A1EB8513A00F3DF85 /* Protocols / Delegates */ = {
			isa = PBXGroup;
			children = (
				6121384C1EB8AAD700F3DF85 /* SimpleProtocolExample.h */,
			);
			name = "Protocols / Delegates";
			sourceTree = "<group>";
		};
		6121382B1EB8514A00F3DF85 /* Dynamic Binding */ = {
			isa = PBXGroup;
			children = (
			);
			name = "Dynamic Binding";
			sourceTree = "<group>";
		};
		6121382C1EB8515E00F3DF85 /* Composite Objects */ = {
			isa = PBXGroup;
			children = (
			);
			name = "Composite Objects";
			sourceTree = "<group>";
		};
		6121382D1EB8519B00F3DF85 /* Foundation Framework */ = {
			isa = PBXGroup;
			children = (
			);
			name = "Foundation Framework";
			sourceTree = "<group>";
		};
		6121382E1EB851AE00F3DF85 /* Fast Enumeration */ = {
			isa = PBXGroup;
			children = (
			);
			name = "Fast Enumeration";
			sourceTree = "<group>";
		};
		6121382F1EB851C400F3DF85 /* Memory Management */ = {
			isa = PBXGroup;
			children = (
			);
			name = "Memory Management";
			sourceTree = "<group>";
		};
		612138421EB8939800F3DF85 /* NSString Category */ = {
			isa = PBXGroup;
			children = (
				6121383C1EB88A9D00F3DF85 /* NSString+RemoveNums.h */,
				6121383D1EB88A9D00F3DF85 /* NSString+RemoveNums.m */,
				6121383F1EB891C300F3DF85 /* Obj-CCategoriesViewController.h */,
				612138401EB891C300F3DF85 /* Obj-CCategoriesViewController.m */,
			);
			name = "NSString Category";
			sourceTree = "<group>";
		};
		612138441EB89F3B00F3DF85 /* IMP Codes */ = {
			isa = PBXGroup;
			children = (
				612138491EB8A08600F3DF85 /* IMPCodesTableViewController.h */,
				6121384A1EB8A08600F3DF85 /* IMPCodesTableViewController.m */,
				612138481EB8A00500F3DF85 /* App To Device */,
			);
			name = "IMP Codes";
			sourceTree = "<group>";
		};
		612138481EB8A00500F3DF85 /* App To Device */ = {
			isa = PBXGroup;
			children = (
				612138451EB89FDF00F3DF85 /* OpeningDeviceAppsViewController.h */,
				612138461EB89FDF00F3DF85 /* OpeningDeviceAppsViewController.m */,
			);
			name = "App To Device";
			sourceTree = "<group>";
		};
		61274B051ECB099F00CB7AC9 /* UI Bars */ = {
			isa = PBXGroup;
			children = (
				61274B3B1ECB23D000CB7AC9 /* UIBarsViewController.h */,
				61274B3C1ECB23D000CB7AC9 /* UIBarsViewController.m */,
				61274B0A1ECB0AC400CB7AC9 /* Navigation Bar */,
				61274B0B1ECB0AD300CB7AC9 /* Search Bar */,
				61274B0C1ECB0AFF00CB7AC9 /* Status Bar */,
				61274B0D1ECB0B0A00CB7AC9 /* Tab Bar */,
				61274B0E1ECB14AC00CB7AC9 /* Tool Bar */,
			);
			name = "UI Bars";
			sourceTree = "<group>";
		};
		61274B061ECB0A2C00CB7AC9 /* UI Views */ = {
			isa = PBXGroup;
			children = (
				61274B3E1ECB23EF00CB7AC9 /* UIViewsViewController.h */,
				61274B3F1ECB23EF00CB7AC9 /* UIViewsViewController.m */,
				61274B0F1ECB157500CB7AC9 /* Action Sheets */,
				61274B101ECB159800CB7AC9 /* Activity View */,
				61274B111ECB159D00CB7AC9 /* Alerts */,
				61274B121ECB15AD00CB7AC9 /* Collections */,
				61274B131ECB15B500CB7AC9 /* Image Views */,
				61274B141ECB15B800CB7AC9 /* Maps */,
				61274B151ECB15BB00CB7AC9 /* Pages */,
				61274B161ECB15BF00CB7AC9 /* Popovers */,
				61274B171ECB15CA00CB7AC9 /* Scroll Views */,
				61274B181ECB15D000CB7AC9 /* Splite Views */,
				61274B191ECB15D300CB7AC9 /* Tables */,
				61274B1A1ECB15D900CB7AC9 /* Text Views */,
				61274B1B1ECB15DE00CB7AC9 /* Webviews */,
			);
			name = "UI Views";
			sourceTree = "<group>";
		};
		61274B071ECB0A4400CB7AC9 /* UI Controls */ = {
			isa = PBXGroup;
			children = (
				61274B411ECB24F200CB7AC9 /* UIControlsViewController.h */,
				61274B421ECB24F200CB7AC9 /* UIControlsViewController.m */,
				61274B1C1ECB176300CB7AC9 /* Buttons */,
				61274B1D1ECB176800CB7AC9 /* Edit Menus */,
				61274B1E1ECB176B00CB7AC9 /* Labels */,
				61274B1F1ECB176E00CB7AC9 /* Page Controls */,
				61274B201ECB177100CB7AC9 /* Pickers */,
				61274B211ECB177400CB7AC9 /* Progress Indicators */,
				61274B221ECB177600CB7AC9 /* Refresh Content Controls */,
				61274B231ECB177A00CB7AC9 /* Segmented Controls */,
				61274B241ECB177D00CB7AC9 /* Sliders */,
				61274B251ECB178000CB7AC9 /* Steppers */,
				61274B261ECB178300CB7AC9 /* Switches */,
				61274B271ECB178500CB7AC9 /* Textfields */,
			);
			name = "UI Controls";
			sourceTree = "<group>";
		};
		61274B081ECB0A7900CB7AC9 /* Extensions */ = {
			isa = PBXGroup;
			children = (
				61274B441ECB251200CB7AC9 /* UIExtensionsViewController.h */,
				61274B451ECB251200CB7AC9 /* UIExtensionsViewController.m */,
				61274B281ECB1A1900CB7AC9 /* Custom Keyboards */,
				61274B291ECB1A1C00CB7AC9 /* Document Providers */,
				61274B2A1ECB1A2100CB7AC9 /* Home Screen Actions */,
				61274B2B1ECB1A2500CB7AC9 /* Messaging */,
				61274B2C1ECB1A2700CB7AC9 /* Photo Editing */,
				61274B2D1ECB1A2A00CB7AC9 /* Sharing and Actions */,
				61274B2E1ECB1A2D00CB7AC9 /* Widgets */,
			);
			name = Extensions;
			sourceTree = "<group>";
		};
		61274B091ECB0A8200CB7AC9 /* Technologies */ = {
			isa = PBXGroup;
			children = (
				61274B471ECB254000CB7AC9 /* UITechnologiesViewController.h */,
				61274B481ECB254000CB7AC9 /* UITechnologiesViewController.m */,
				61274B2F1ECB1AF500CB7AC9 /* Apple Pay */,
				61274B301ECB1B0400CB7AC9 /* GameKit */,
				61274B311ECB1B0900CB7AC9 /* HealthKit */,
				61274B321ECB1B0C00CB7AC9 /* HomeKit */,
				61274B331ECB1B0E00CB7AC9 /* ICloud */,
				61274B341ECB1B1100CB7AC9 /* In-App Purchase */,
				61274B351ECB1B1400CB7AC9 /* Live Photos */,
				61274B361ECB1B1600CB7AC9 /* ResearchKit */,
				61274B371ECB1B1900CB7AC9 /* Social Media */,
				61274B381ECB1B1B00CB7AC9 /* Wallet */,
			);
			name = Technologies;
			sourceTree = "<group>";
		};
		61274B0A1ECB0AC400CB7AC9 /* Navigation Bar */ = {
			isa = PBXGroup;
			children = (
			);
			name = "Navigation Bar";
			sourceTree = "<group>";
		};
		61274B0B1ECB0AD300CB7AC9 /* Search Bar */ = {
			isa = PBXGroup;
			children = (
			);
			name = "Search Bar";
			sourceTree = "<group>";
		};
		61274B0C1ECB0AFF00CB7AC9 /* Status Bar */ = {
			isa = PBXGroup;
			children = (
			);
			name = "Status Bar";
			sourceTree = "<group>";
		};
		61274B0D1ECB0B0A00CB7AC9 /* Tab Bar */ = {
			isa = PBXGroup;
			children = (
			);
			name = "Tab Bar";
			sourceTree = "<group>";
		};
		61274B0E1ECB14AC00CB7AC9 /* Tool Bar */ = {
			isa = PBXGroup;
			children = (
			);
			name = "Tool Bar";
			sourceTree = "<group>";
		};
		61274B0F1ECB157500CB7AC9 /* Action Sheets */ = {
			isa = PBXGroup;
			children = (
			);
			name = "Action Sheets";
			sourceTree = "<group>";
		};
		61274B101ECB159800CB7AC9 /* Activity View */ = {
			isa = PBXGroup;
			children = (
			);
			name = "Activity View";
			sourceTree = "<group>";
		};
		61274B111ECB159D00CB7AC9 /* Alerts */ = {
			isa = PBXGroup;
			children = (
			);
			name = Alerts;
			sourceTree = "<group>";
		};
		61274B121ECB15AD00CB7AC9 /* Collections */ = {
			isa = PBXGroup;
			children = (
			);
			name = Collections;
			sourceTree = "<group>";
		};
		61274B131ECB15B500CB7AC9 /* Image Views */ = {
			isa = PBXGroup;
			children = (
			);
			name = "Image Views";
			sourceTree = "<group>";
		};
		61274B141ECB15B800CB7AC9 /* Maps */ = {
			isa = PBXGroup;
			children = (
			);
			name = Maps;
			sourceTree = "<group>";
		};
		61274B151ECB15BB00CB7AC9 /* Pages */ = {
			isa = PBXGroup;
			children = (
			);
			name = Pages;
			sourceTree = "<group>";
		};
		61274B161ECB15BF00CB7AC9 /* Popovers */ = {
			isa = PBXGroup;
			children = (
			);
			name = Popovers;
			sourceTree = "<group>";
		};
		61274B171ECB15CA00CB7AC9 /* Scroll Views */ = {
			isa = PBXGroup;
			children = (
			);
			name = "Scroll Views";
			sourceTree = "<group>";
		};
		61274B181ECB15D000CB7AC9 /* Splite Views */ = {
			isa = PBXGroup;
			children = (
			);
			name = "Splite Views";
			sourceTree = "<group>";
		};
		61274B191ECB15D300CB7AC9 /* Tables */ = {
			isa = PBXGroup;
			children = (
			);
			name = Tables;
			sourceTree = "<group>";
		};
		61274B1A1ECB15D900CB7AC9 /* Text Views */ = {
			isa = PBXGroup;
			children = (
			);
			name = "Text Views";
			sourceTree = "<group>";
		};
		61274B1B1ECB15DE00CB7AC9 /* Webviews */ = {
			isa = PBXGroup;
			children = (
			);
			name = Webviews;
			sourceTree = "<group>";
		};
		61274B1C1ECB176300CB7AC9 /* Buttons */ = {
			isa = PBXGroup;
			children = (
			);
			name = Buttons;
			sourceTree = "<group>";
		};
		61274B1D1ECB176800CB7AC9 /* Edit Menus */ = {
			isa = PBXGroup;
			children = (
			);
			name = "Edit Menus";
			sourceTree = "<group>";
		};
		61274B1E1ECB176B00CB7AC9 /* Labels */ = {
			isa = PBXGroup;
			children = (
			);
			name = Labels;
			sourceTree = "<group>";
		};
		61274B1F1ECB176E00CB7AC9 /* Page Controls */ = {
			isa = PBXGroup;
			children = (
			);
			name = "Page Controls";
			sourceTree = "<group>";
		};
		61274B201ECB177100CB7AC9 /* Pickers */ = {
			isa = PBXGroup;
			children = (
			);
			name = Pickers;
			sourceTree = "<group>";
		};
		61274B211ECB177400CB7AC9 /* Progress Indicators */ = {
			isa = PBXGroup;
			children = (
			);
			name = "Progress Indicators";
			sourceTree = "<group>";
		};
		61274B221ECB177600CB7AC9 /* Refresh Content Controls */ = {
			isa = PBXGroup;
			children = (
			);
			name = "Refresh Content Controls";
			sourceTree = "<group>";
		};
		61274B231ECB177A00CB7AC9 /* Segmented Controls */ = {
			isa = PBXGroup;
			children = (
			);
			name = "Segmented Controls";
			sourceTree = "<group>";
		};
		61274B241ECB177D00CB7AC9 /* Sliders */ = {
			isa = PBXGroup;
			children = (
			);
			name = Sliders;
			sourceTree = "<group>";
		};
		61274B251ECB178000CB7AC9 /* Steppers */ = {
			isa = PBXGroup;
			children = (
			);
			name = Steppers;
			sourceTree = "<group>";
		};
		61274B261ECB178300CB7AC9 /* Switches */ = {
			isa = PBXGroup;
			children = (
			);
			name = Switches;
			sourceTree = "<group>";
		};
		61274B271ECB178500CB7AC9 /* Textfields */ = {
			isa = PBXGroup;
			children = (
			);
			name = Textfields;
			sourceTree = "<group>";
		};
		61274B281ECB1A1900CB7AC9 /* Custom Keyboards */ = {
			isa = PBXGroup;
			children = (
			);
			name = "Custom Keyboards";
			sourceTree = "<group>";
		};
		61274B291ECB1A1C00CB7AC9 /* Document Providers */ = {
			isa = PBXGroup;
			children = (
			);
			name = "Document Providers";
			sourceTree = "<group>";
		};
		61274B2A1ECB1A2100CB7AC9 /* Home Screen Actions */ = {
			isa = PBXGroup;
			children = (
			);
			name = "Home Screen Actions";
			sourceTree = "<group>";
		};
		61274B2B1ECB1A2500CB7AC9 /* Messaging */ = {
			isa = PBXGroup;
			children = (
			);
			name = Messaging;
			sourceTree = "<group>";
		};
		61274B2C1ECB1A2700CB7AC9 /* Photo Editing */ = {
			isa = PBXGroup;
			children = (
			);
			name = "Photo Editing";
			sourceTree = "<group>";
		};
		61274B2D1ECB1A2A00CB7AC9 /* Sharing and Actions */ = {
			isa = PBXGroup;
			children = (
			);
			name = "Sharing and Actions";
			sourceTree = "<group>";
		};
		61274B2E1ECB1A2D00CB7AC9 /* Widgets */ = {
			isa = PBXGroup;
			children = (
			);
			name = Widgets;
			sourceTree = "<group>";
		};
		61274B2F1ECB1AF500CB7AC9 /* Apple Pay */ = {
			isa = PBXGroup;
			children = (
			);
			name = "Apple Pay";
			sourceTree = "<group>";
		};
		61274B301ECB1B0400CB7AC9 /* GameKit */ = {
			isa = PBXGroup;
			children = (
			);
			name = GameKit;
			sourceTree = "<group>";
		};
		61274B311ECB1B0900CB7AC9 /* HealthKit */ = {
			isa = PBXGroup;
			children = (
			);
			name = HealthKit;
			sourceTree = "<group>";
		};
		61274B321ECB1B0C00CB7AC9 /* HomeKit */ = {
			isa = PBXGroup;
			children = (
			);
			name = HomeKit;
			sourceTree = "<group>";
		};
		61274B331ECB1B0E00CB7AC9 /* ICloud */ = {
			isa = PBXGroup;
			children = (
			);
			name = ICloud;
			sourceTree = "<group>";
		};
		61274B341ECB1B1100CB7AC9 /* In-App Purchase */ = {
			isa = PBXGroup;
			children = (
				61274B021ECADD5700CB7AC9 /* InAppPurchaseViewController.h */,
				61274B031ECADD5700CB7AC9 /* InAppPurchaseViewController.m */,
			);
			name = "In-App Purchase";
			sourceTree = "<group>";
		};
		61274B351ECB1B1400CB7AC9 /* Live Photos */ = {
			isa = PBXGroup;
			children = (
			);
			name = "Live Photos";
			sourceTree = "<group>";
		};
		61274B361ECB1B1600CB7AC9 /* ResearchKit */ = {
			isa = PBXGroup;
			children = (
			);
			name = ResearchKit;
			sourceTree = "<group>";
		};
		61274B371ECB1B1900CB7AC9 /* Social Media */ = {
			isa = PBXGroup;
			children = (
			);
			name = "Social Media";
			sourceTree = "<group>";
		};
		61274B381ECB1B1B00CB7AC9 /* Wallet */ = {
			isa = PBXGroup;
			children = (
			);
			name = Wallet;
			sourceTree = "<group>";
		};
		61274B3A1ECB222C00CB7AC9 /* Design Patterns */ = {
			isa = PBXGroup;
			children = (
			);
			name = "Design Patterns";
			sourceTree = "<group>";
		};
		616138D01EDBE2B6003C8B2A /* Modules */ = {
			isa = PBXGroup;
			children = (
				C8DFDCC01EAFBDC700A1E4F1 /* Simple Table */,
				C876CB211EB30B7800CBE149 /* Objective-C basic */,
				61274B051ECB099F00CB7AC9 /* UI Bars */,
				61274B061ECB0A2C00CB7AC9 /* UI Views */,
				61274B071ECB0A4400CB7AC9 /* UI Controls */,
				61274B081ECB0A7900CB7AC9 /* Extensions */,
				61274B091ECB0A8200CB7AC9 /* Technologies */,
				612138441EB89F3B00F3DF85 /* IMP Codes */,
				C8D1CDCE1EBF53C700F9FAB9 /* WatchKit */,
				C8D1CDCC1EBF538F00F9FAB9 /* IAd Integration */,
				C8D1CDC91EBF534700F9FAB9 /* CoreData */,
				C8D1CDC81EBF532F00F9FAB9 /* Sqlite Database */,
				C8D1CDC71EBF531400F9FAB9 /* Audio & Video */,
				C8D1CDC41EBF52C700F9FAB9 /* Camara Management */,
				C8D1CDC31EBF52B000F9FAB9 /* Device Sensors */,
				61274B3A1ECB222C00CB7AC9 /* Design Patterns */,
			);
			name = Modules;
			sourceTree = "<group>";
		};
		C86183B31EAE60F7000C08DA = {
			isa = PBXGroup;
			children = (
				C86183BE1EAE60F7000C08DA /* AllInOne_ObjC */,
				C86183DB1EAE60F7000C08DA /* AllInOne_ObjCTests */,
				C86183E61EAE60F7000C08DA /* AllInOne_ObjCUITests */,
				C86183BD1EAE60F7000C08DA /* Products */,
			);
			sourceTree = "<group>";
		};
		C86183BD1EAE60F7000C08DA /* Products */ = {
			isa = PBXGroup;
			children = (
				C86183BC1EAE60F7000C08DA /* AllInOne_ObjC.app */,
				C86183D81EAE60F7000C08DA /* AllInOne_ObjCTests.xctest */,
				C86183E31EAE60F7000C08DA /* AllInOne_ObjCUITests.xctest */,
			);
			name = Products;
			sourceTree = "<group>";
		};
		C86183BE1EAE60F7000C08DA /* AllInOne_ObjC */ = {
			isa = PBXGroup;
			children = (
				617E833F1ED6BA75008C604B /* Project-Initation.rtf */,
				C82B883B1EB8048F00D3E56B /* Coding-Standerds.rtf */,
				617E83411ED6BAA1008C604B /* Working-Instructions.rtf */,
				617E83431ED6BB19008C604B /* AppStore-Instructions.rtf */,
				C86183C21EAE60F7000C08DA /* AppDelegate.h */,
				C86183C31EAE60F7000C08DA /* AppDelegate.m */,
				C86183C81EAE60F7000C08DA /* Main.storyboard */,
				C86183CE1EAE60F7000C08DA /* Assets.xcassets */,
				616138D01EDBE2B6003C8B2A /* Modules */,
				C86183D01EAE60F7000C08DA /* LaunchScreen.storyboard */,
				C86183D31EAE60F7000C08DA /* Info.plist */,
				C86183BF1EAE60F7000C08DA /* Supporting Files */,
			);
			path = AllInOne_ObjC;
			sourceTree = "<group>";
		};
		C86183BF1EAE60F7000C08DA /* Supporting Files */ = {
			isa = PBXGroup;
			children = (
				C86183C01EAE60F7000C08DA /* main.m */,
			);
			name = "Supporting Files";
			sourceTree = "<group>";
		};
		C86183DB1EAE60F7000C08DA /* AllInOne_ObjCTests */ = {
			isa = PBXGroup;
			children = (
				C86183DC1EAE60F7000C08DA /* AllInOne_ObjCTests.m */,
				C86183DE1EAE60F7000C08DA /* Info.plist */,
			);
			path = AllInOne_ObjCTests;
			sourceTree = "<group>";
		};
		C86183E61EAE60F7000C08DA /* AllInOne_ObjCUITests */ = {
			isa = PBXGroup;
			children = (
				C86183E71EAE60F7000C08DA /* AllInOne_ObjCUITests.m */,
				C86183E91EAE60F7000C08DA /* Info.plist */,
			);
			path = AllInOne_ObjCUITests;
			sourceTree = "<group>";
		};
		C876CB211EB30B7800CBE149 /* Objective-C basic */ = {
			isa = PBXGroup;
			children = (
				C876CB221EB30C0300CBE149 /* Obj-CTableViewController.h */,
				C876CB231EB30C0300CBE149 /* Obj-CTableViewController.m */,
				C876CB251EB3108F00CBE149 /* Obj-CTableViewCell.h */,
				C876CB261EB3108F00CBE149 /* Obj-CTableViewCell.m */,
				C8EA20011EDE49F10035921C /* Obj-C.storyboard */,
				612138121EB84C9300F3DF85 /* Intro */,
				612138161EB84CD400F3DF85 /* Basics */,
				C8EA20001EDE3E6D0035921C /* OOP's */,
				6121381A1EB84E7B00F3DF85 /* All Storage Types */,
				612138181EB84E3D00F3DF85 /* Blocks */,
				612138271EB850E300F3DF85 /* Categories */,
				6121382A1EB8513A00F3DF85 /* Protocols / Delegates */,
				612138291EB8512600F3DF85 /* Extensions */,
				612138231EB84FBB00F3DF85 /* Classes & Objects */,
				6121382C1EB8515E00F3DF85 /* Composite Objects */,
				6121382B1EB8514A00F3DF85 /* Dynamic Binding */,
				612138211EB84F6400F3DF85 /* Error Handling */,
				6121382E1EB851AE00F3DF85 /* Fast Enumeration */,
				6121382D1EB8519B00F3DF85 /* Foundation Framework */,
				612138171EB84E2400F3DF85 /* Functions */,
				612138201EB84F4C00F3DF85 /* Log Handling */,
				6121382F1EB851C400F3DF85 /* Memory Management */,
				612138221EB84F9F00F3DF85 /* Multi Threading */,
				612138191EB84E6300F3DF85 /* Number & Strings */,
				6121381B1EB84EE100F3DF85 /* Pointers */,
				612138281EB8511100F3DF85 /* Posing */,
				6121381D1EB84EFE00F3DF85 /* Preprocessors */,
				6121381C1EB84EEC00F3DF85 /* Structures */,
				6121381F1EB84F2A00F3DF85 /* Type Casting */,
				6121381E1EB84F1500F3DF85 /* Typedef */,
			);
			name = "Objective-C basic";
			sourceTree = "<group>";
		};
		C8D1CDC31EBF52B000F9FAB9 /* Device Sensors */ = {
			isa = PBXGroup;
			children = (
			);
			name = "Device Sensors";
			sourceTree = "<group>";
		};
		C8D1CDC41EBF52C700F9FAB9 /* Camara Management */ = {
			isa = PBXGroup;
			children = (
			);
			name = "Camara Management";
			sourceTree = "<group>";
		};
		C8D1CDC71EBF531400F9FAB9 /* Audio & Video */ = {
			isa = PBXGroup;
			children = (
			);
			name = "Audio & Video";
			sourceTree = "<group>";
		};
		C8D1CDC81EBF532F00F9FAB9 /* Sqlite Database */ = {
			isa = PBXGroup;
			children = (
			);
			name = "Sqlite Database";
			sourceTree = "<group>";
		};
		C8D1CDC91EBF534700F9FAB9 /* CoreData */ = {
			isa = PBXGroup;
			children = (
				C86183CB1EAE60F7000C08DA /* AllInOne_ObjC.xcdatamodeld */,
			);
			name = CoreData;
			sourceTree = "<group>";
		};
		C8D1CDCC1EBF538F00F9FAB9 /* IAd Integration */ = {
			isa = PBXGroup;
			children = (
			);
			name = "IAd Integration";
			sourceTree = "<group>";
		};
		C8D1CDCE1EBF53C700F9FAB9 /* WatchKit */ = {
			isa = PBXGroup;
			children = (
			);
			name = WatchKit;
			sourceTree = "<group>";
		};
		C8DFDCC01EAFBDC700A1E4F1 /* Simple Table */ = {
			isa = PBXGroup;
			children = (
				C8DFDCBB1EAFBB9400A1E4F1 /* SimpleTableViewController.h */,
				C8DFDCBC1EAFBB9400A1E4F1 /* SimpleTableViewController.m */,
				C8DFDCC11EAFBE0400A1E4F1 /* SimpleTableViewCell.h */,
				C8DFDCC21EAFBE0400A1E4F1 /* SimpleTableViewCell.m */,
			);
			name = "Simple Table";
			sourceTree = "<group>";
		};
		C8EA20001EDE3E6D0035921C /* OOP's */ = {
			isa = PBXGroup;
			children = (
				1624EF901FC6F4D60034B2B1 /* OOPsController.m */,
				612138261EB850B100F3DF85 /* Encapsulation / Abstraction */,
				612138241EB8508700F3DF85 /* Inheritance */,
				612138251EB8509B00F3DF85 /* Polymorphism */,
			);
			name = "OOP's";
			sourceTree = "<group>";
		};
/* End PBXGroup section */

/* Begin PBXNativeTarget section */
		C86183BB1EAE60F7000C08DA /* AllInOne_ObjC */ = {
			isa = PBXNativeTarget;
			buildConfigurationList = C86183EC1EAE60F8000C08DA /* Build configuration list for PBXNativeTarget "AllInOne_ObjC" */;
			buildPhases = (
				C86183B81EAE60F7000C08DA /* Sources */,
				C86183B91EAE60F7000C08DA /* Frameworks */,
				C86183BA1EAE60F7000C08DA /* Resources */,
			);
			buildRules = (
			);
			dependencies = (
			);
			name = AllInOne_ObjC;
			productName = AllInOne_ObjC;
			productReference = C86183BC1EAE60F7000C08DA /* AllInOne_ObjC.app */;
			productType = "com.apple.product-type.application";
		};
		C86183D71EAE60F7000C08DA /* AllInOne_ObjCTests */ = {
			isa = PBXNativeTarget;
			buildConfigurationList = C86183EF1EAE60F8000C08DA /* Build configuration list for PBXNativeTarget "AllInOne_ObjCTests" */;
			buildPhases = (
				C86183D41EAE60F7000C08DA /* Sources */,
				C86183D51EAE60F7000C08DA /* Frameworks */,
				C86183D61EAE60F7000C08DA /* Resources */,
			);
			buildRules = (
			);
			dependencies = (
				C86183DA1EAE60F7000C08DA /* PBXTargetDependency */,
			);
			name = AllInOne_ObjCTests;
			productName = AllInOne_ObjCTests;
			productReference = C86183D81EAE60F7000C08DA /* AllInOne_ObjCTests.xctest */;
			productType = "com.apple.product-type.bundle.unit-test";
		};
		C86183E21EAE60F7000C08DA /* AllInOne_ObjCUITests */ = {
			isa = PBXNativeTarget;
			buildConfigurationList = C86183F21EAE60F8000C08DA /* Build configuration list for PBXNativeTarget "AllInOne_ObjCUITests" */;
			buildPhases = (
				C86183DF1EAE60F7000C08DA /* Sources */,
				C86183E01EAE60F7000C08DA /* Frameworks */,
				C86183E11EAE60F7000C08DA /* Resources */,
			);
			buildRules = (
			);
			dependencies = (
				C86183E51EAE60F7000C08DA /* PBXTargetDependency */,
			);
			name = AllInOne_ObjCUITests;
			productName = AllInOne_ObjCUITests;
			productReference = C86183E31EAE60F7000C08DA /* AllInOne_ObjCUITests.xctest */;
			productType = "com.apple.product-type.bundle.ui-testing";
		};
/* End PBXNativeTarget section */

/* Begin PBXProject section */
		C86183B41EAE60F7000C08DA /* Project object */ = {
			isa = PBXProject;
			attributes = {
				LastUpgradeCheck = 0820;
				ORGANIZATIONNAME = "Suraj Pawar";
				TargetAttributes = {
					C86183BB1EAE60F7000C08DA = {
						CreatedOnToolsVersion = 8.2;
						ProvisioningStyle = Automatic;
					};
					C86183D71EAE60F7000C08DA = {
						CreatedOnToolsVersion = 8.2;
						ProvisioningStyle = Automatic;
						TestTargetID = C86183BB1EAE60F7000C08DA;
					};
					C86183E21EAE60F7000C08DA = {
						CreatedOnToolsVersion = 8.2;
						ProvisioningStyle = Automatic;
						TestTargetID = C86183BB1EAE60F7000C08DA;
					};
				};
			};
			buildConfigurationList = C86183B71EAE60F7000C08DA /* Build configuration list for PBXProject "AllInOne_ObjC" */;
			compatibilityVersion = "Xcode 3.2";
			developmentRegion = English;
			hasScannedForEncodings = 0;
			knownRegions = (
				en,
				Base,
			);
			mainGroup = C86183B31EAE60F7000C08DA;
			productRefGroup = C86183BD1EAE60F7000C08DA /* Products */;
			projectDirPath = "";
			projectRoot = "";
			targets = (
				C86183BB1EAE60F7000C08DA /* AllInOne_ObjC */,
				C86183D71EAE60F7000C08DA /* AllInOne_ObjCTests */,
				C86183E21EAE60F7000C08DA /* AllInOne_ObjCUITests */,
			);
		};
/* End PBXProject section */

/* Begin PBXResourcesBuildPhase section */
		C86183BA1EAE60F7000C08DA /* Resources */ = {
			isa = PBXResourcesBuildPhase;
			buildActionMask = 2147483647;
			files = (
				C86183D21EAE60F7000C08DA /* LaunchScreen.storyboard in Resources */,
				C8EA20021EDE49F10035921C /* Obj-C.storyboard in Resources */,
				C86183CF1EAE60F7000C08DA /* Assets.xcassets in Resources */,
				617E83441ED6BB19008C604B /* AppStore-Instructions.rtf in Resources */,
				C86183CA1EAE60F7000C08DA /* Main.storyboard in Resources */,
				617E83401ED6BA75008C604B /* Project-Initation.rtf in Resources */,
				617E83421ED6BAA1008C604B /* Working-Instructions.rtf in Resources */,
				C82B883C1EB8048F00D3E56B /* Coding-Standerds.rtf in Resources */,
			);
			runOnlyForDeploymentPostprocessing = 0;
		};
		C86183D61EAE60F7000C08DA /* Resources */ = {
			isa = PBXResourcesBuildPhase;
			buildActionMask = 2147483647;
			files = (
			);
			runOnlyForDeploymentPostprocessing = 0;
		};
		C86183E11EAE60F7000C08DA /* Resources */ = {
			isa = PBXResourcesBuildPhase;
			buildActionMask = 2147483647;
			files = (
			);
			runOnlyForDeploymentPostprocessing = 0;
		};
/* End PBXResourcesBuildPhase section */

/* Begin PBXSourcesBuildPhase section */
		C86183B81EAE60F7000C08DA /* Sources */ = {
			isa = PBXSourcesBuildPhase;
			buildActionMask = 2147483647;
			files = (
				1624EF941FC6F6AE0034B2B1 /* GCD_ViewController.m in Sources */,
				612138511EB8BA4600F3DF85 /* Obj-CAllStorageTypesViewController.m in Sources */,
				61274B431ECB24F200CB7AC9 /* UIControlsViewController.m in Sources */,
				C86183CD1EAE60F7000C08DA /* AllInOne_ObjC.xcdatamodeld in Sources */,
				612138471EB89FDF00F3DF85 /* OpeningDeviceAppsViewController.m in Sources */,
				C86183C41EAE60F7000C08DA /* AppDelegate.m in Sources */,
				C8D1CDD21EBF5A5D00F9FAB9 /* Obj_ClassesAndObjectViewController.m in Sources */,
				6121384B1EB8A08600F3DF85 /* IMPCodesTableViewController.m in Sources */,
				C86183C11EAE60F7000C08DA /* main.m in Sources */,
				C821E7BA1EC29F1C00D3AF8D /* Obj-Encapsulation&AbstractionViewController.m in Sources */,
				612138111EB84C8000F3DF85 /* Obj-CIntroViewController.m in Sources */,
				6121383B1EB884FF00F3DF85 /* Obj-CNum&StrViewController.m in Sources */,
				61274B3D1ECB23D000CB7AC9 /* UIBarsViewController.m in Sources */,
				1624EF911FC6F4D60034B2B1 /* OOPsController.m in Sources */,
				61274B041ECADD5700CB7AC9 /* InAppPurchaseViewController.m in Sources */,
				C8DFDCC31EAFBE0400A1E4F1 /* SimpleTableViewCell.m in Sources */,
				61274B461ECB251200CB7AC9 /* UIExtensionsViewController.m in Sources */,
				61274B401ECB23EF00CB7AC9 /* UIViewsViewController.m in Sources */,
				C821E7B71EC29DD000D3AF8D /* Obj-PolymorphismViewController.m in Sources */,
				6121383E1EB88A9D00F3DF85 /* NSString+RemoveNums.m in Sources */,
				C8DFDCBD1EAFBB9400A1E4F1 /* SimpleTableViewController.m in Sources */,
				61274B491ECB254000CB7AC9 /* UITechnologiesViewController.m in Sources */,
				C89D83781EBF661600386DEB /* Obj-InheritanceViewController.m in Sources */,
				612138351EB8841700F3DF85 /* Obj-CFunctionsViewController.m in Sources */,
				612138381EB8848A00F3DF85 /* Obj-CBlocksViewController.m in Sources */,
				612138411EB891C300F3DF85 /* Obj-CCategoriesViewController.m in Sources */,
				C876CB241EB30C0300CBE149 /* Obj-CTableViewController.m in Sources */,
				612138321EB8685A00F3DF85 /* Obj-CBasicViewController.m in Sources */,
				C876CB271EB3108F00CBE149 /* Obj-CTableViewCell.m in Sources */,
				1624EF971FC6F6FD0034B2B1 /* NSOperationQueue_ViewController.m in Sources */,
			);
			runOnlyForDeploymentPostprocessing = 0;
		};
		C86183D41EAE60F7000C08DA /* Sources */ = {
			isa = PBXSourcesBuildPhase;
			buildActionMask = 2147483647;
			files = (
				C86183DD1EAE60F7000C08DA /* AllInOne_ObjCTests.m in Sources */,
			);
			runOnlyForDeploymentPostprocessing = 0;
		};
		C86183DF1EAE60F7000C08DA /* Sources */ = {
			isa = PBXSourcesBuildPhase;
			buildActionMask = 2147483647;
			files = (
				C86183E81EAE60F7000C08DA /* AllInOne_ObjCUITests.m in Sources */,
			);
			runOnlyForDeploymentPostprocessing = 0;
		};
/* End PBXSourcesBuildPhase section */

/* Begin PBXTargetDependency section */
		C86183DA1EAE60F7000C08DA /* PBXTargetDependency */ = {
			isa = PBXTargetDependency;
			target = C86183BB1EAE60F7000C08DA /* AllInOne_ObjC */;
			targetProxy = C86183D91EAE60F7000C08DA /* PBXContainerItemProxy */;
		};
		C86183E51EAE60F7000C08DA /* PBXTargetDependency */ = {
			isa = PBXTargetDependency;
			target = C86183BB1EAE60F7000C08DA /* AllInOne_ObjC */;
			targetProxy = C86183E41EAE60F7000C08DA /* PBXContainerItemProxy */;
		};
/* End PBXTargetDependency section */

/* Begin PBXVariantGroup section */
		C86183C81EAE60F7000C08DA /* Main.storyboard */ = {
			isa = PBXVariantGroup;
			children = (
				C86183C91EAE60F7000C08DA /* Base */,
			);
			name = Main.storyboard;
			sourceTree = "<group>";
		};
		C86183D01EAE60F7000C08DA /* LaunchScreen.storyboard */ = {
			isa = PBXVariantGroup;
			children = (
				C86183D11EAE60F7000C08DA /* Base */,
			);
			name = LaunchScreen.storyboard;
			sourceTree = "<group>";
		};
/* End PBXVariantGroup section */

/* Begin XCBuildConfiguration section */
		C86183EA1EAE60F7000C08DA /* Debug */ = {
			isa = XCBuildConfiguration;
			buildSettings = {
				ALWAYS_SEARCH_USER_PATHS = NO;
				CLANG_ANALYZER_NONNULL = YES;
				CLANG_CXX_LANGUAGE_STANDARD = "gnu++0x";
				CLANG_CXX_LIBRARY = "libc++";
				CLANG_ENABLE_MODULES = YES;
				CLANG_ENABLE_OBJC_ARC = YES;
				CLANG_WARN_BOOL_CONVERSION = YES;
				CLANG_WARN_CONSTANT_CONVERSION = YES;
				CLANG_WARN_DIRECT_OBJC_ISA_USAGE = YES_ERROR;
				CLANG_WARN_DOCUMENTATION_COMMENTS = YES;
				CLANG_WARN_EMPTY_BODY = YES;
				CLANG_WARN_ENUM_CONVERSION = YES;
				CLANG_WARN_INFINITE_RECURSION = YES;
				CLANG_WARN_INT_CONVERSION = YES;
				CLANG_WARN_OBJC_ROOT_CLASS = YES_ERROR;
				CLANG_WARN_SUSPICIOUS_MOVE = YES;
				CLANG_WARN_UNREACHABLE_CODE = YES;
				CLANG_WARN__DUPLICATE_METHOD_MATCH = YES;
				"CODE_SIGN_IDENTITY[sdk=iphoneos*]" = "iPhone Developer";
				COPY_PHASE_STRIP = NO;
				DEBUG_INFORMATION_FORMAT = dwarf;
				ENABLE_STRICT_OBJC_MSGSEND = YES;
				ENABLE_TESTABILITY = YES;
				GCC_C_LANGUAGE_STANDARD = gnu99;
				GCC_DYNAMIC_NO_PIC = NO;
				GCC_NO_COMMON_BLOCKS = YES;
				GCC_OPTIMIZATION_LEVEL = 0;
				GCC_PREPROCESSOR_DEFINITIONS = (
					"DEBUG=1",
					"$(inherited)",
				);
				GCC_WARN_64_TO_32_BIT_CONVERSION = YES;
				GCC_WARN_ABOUT_RETURN_TYPE = YES_ERROR;
				GCC_WARN_UNDECLARED_SELECTOR = YES;
				GCC_WARN_UNINITIALIZED_AUTOS = YES_AGGRESSIVE;
				GCC_WARN_UNUSED_FUNCTION = YES;
				GCC_WARN_UNUSED_VARIABLE = YES;
				IPHONEOS_DEPLOYMENT_TARGET = 10.2;
				MTL_ENABLE_DEBUG_INFO = YES;
				ONLY_ACTIVE_ARCH = YES;
				SDKROOT = iphoneos;
				TARGETED_DEVICE_FAMILY = "1,2";
			};
			name = Debug;
		};
		C86183EB1EAE60F7000C08DA /* Release */ = {
			isa = XCBuildConfiguration;
			buildSettings = {
				ALWAYS_SEARCH_USER_PATHS = NO;
				CLANG_ANALYZER_NONNULL = YES;
				CLANG_CXX_LANGUAGE_STANDARD = "gnu++0x";
				CLANG_CXX_LIBRARY = "libc++";
				CLANG_ENABLE_MODULES = YES;
				CLANG_ENABLE_OBJC_ARC = YES;
				CLANG_WARN_BOOL_CONVERSION = YES;
				CLANG_WARN_CONSTANT_CONVERSION = YES;
				CLANG_WARN_DIRECT_OBJC_ISA_USAGE = YES_ERROR;
				CLANG_WARN_DOCUMENTATION_COMMENTS = YES;
				CLANG_WARN_EMPTY_BODY = YES;
				CLANG_WARN_ENUM_CONVERSION = YES;
				CLANG_WARN_INFINITE_RECURSION = YES;
				CLANG_WARN_INT_CONVERSION = YES;
				CLANG_WARN_OBJC_ROOT_CLASS = YES_ERROR;
				CLANG_WARN_SUSPICIOUS_MOVE = YES;
				CLANG_WARN_UNREACHABLE_CODE = YES;
				CLANG_WARN__DUPLICATE_METHOD_MATCH = YES;
				"CODE_SIGN_IDENTITY[sdk=iphoneos*]" = "iPhone Developer";
				COPY_PHASE_STRIP = NO;
				DEBUG_INFORMATION_FORMAT = "dwarf-with-dsym";
				ENABLE_NS_ASSERTIONS = NO;
				ENABLE_STRICT_OBJC_MSGSEND = YES;
				GCC_C_LANGUAGE_STANDARD = gnu99;
				GCC_NO_COMMON_BLOCKS = YES;
				GCC_WARN_64_TO_32_BIT_CONVERSION = YES;
				GCC_WARN_ABOUT_RETURN_TYPE = YES_ERROR;
				GCC_WARN_UNDECLARED_SELECTOR = YES;
				GCC_WARN_UNINITIALIZED_AUTOS = YES_AGGRESSIVE;
				GCC_WARN_UNUSED_FUNCTION = YES;
				GCC_WARN_UNUSED_VARIABLE = YES;
				IPHONEOS_DEPLOYMENT_TARGET = 10.2;
				MTL_ENABLE_DEBUG_INFO = NO;
				SDKROOT = iphoneos;
				TARGETED_DEVICE_FAMILY = "1,2";
				VALIDATE_PRODUCT = YES;
			};
			name = Release;
		};
		C86183ED1EAE60F8000C08DA /* Debug */ = {
			isa = XCBuildConfiguration;
			buildSettings = {
				ASSETCATALOG_COMPILER_APPICON_NAME = AppIcon;
				INFOPLIST_FILE = AllInOne_ObjC/Info.plist;
				IPHONEOS_DEPLOYMENT_TARGET = 9.0;
				LD_RUNPATH_SEARCH_PATHS = "$(inherited) @executable_path/Frameworks";
				PRODUCT_BUNDLE_IDENTIFIER = "SurajPawar.AllInOne-ObjC";
				PRODUCT_NAME = "$(TARGET_NAME)";
			};
			name = Debug;
		};
		C86183EE1EAE60F8000C08DA /* Release */ = {
			isa = XCBuildConfiguration;
			buildSettings = {
				ASSETCATALOG_COMPILER_APPICON_NAME = AppIcon;
				INFOPLIST_FILE = AllInOne_ObjC/Info.plist;
				IPHONEOS_DEPLOYMENT_TARGET = 9.0;
				LD_RUNPATH_SEARCH_PATHS = "$(inherited) @executable_path/Frameworks";
				PRODUCT_BUNDLE_IDENTIFIER = "SurajPawar.AllInOne-ObjC";
				PRODUCT_NAME = "$(TARGET_NAME)";
			};
			name = Release;
		};
		C86183F01EAE60F8000C08DA /* Debug */ = {
			isa = XCBuildConfiguration;
			buildSettings = {
				BUNDLE_LOADER = "$(TEST_HOST)";
				INFOPLIST_FILE = AllInOne_ObjCTests/Info.plist;
				LD_RUNPATH_SEARCH_PATHS = "$(inherited) @executable_path/Frameworks @loader_path/Frameworks";
				PRODUCT_BUNDLE_IDENTIFIER = "SurajPawar.AllInOne-ObjCTests";
				PRODUCT_NAME = "$(TARGET_NAME)";
				TEST_HOST = "$(BUILT_PRODUCTS_DIR)/AllInOne_ObjC.app/AllInOne_ObjC";
			};
			name = Debug;
		};
		C86183F11EAE60F8000C08DA /* Release */ = {
			isa = XCBuildConfiguration;
			buildSettings = {
				BUNDLE_LOADER = "$(TEST_HOST)";
				INFOPLIST_FILE = AllInOne_ObjCTests/Info.plist;
				LD_RUNPATH_SEARCH_PATHS = "$(inherited) @executable_path/Frameworks @loader_path/Frameworks";
				PRODUCT_BUNDLE_IDENTIFIER = "SurajPawar.AllInOne-ObjCTests";
				PRODUCT_NAME = "$(TARGET_NAME)";
				TEST_HOST = "$(BUILT_PRODUCTS_DIR)/AllInOne_ObjC.app/AllInOne_ObjC";
			};
			name = Release;
		};
		C86183F31EAE60F8000C08DA /* Debug */ = {
			isa = XCBuildConfiguration;
			buildSettings = {
				INFOPLIST_FILE = AllInOne_ObjCUITests/Info.plist;
				LD_RUNPATH_SEARCH_PATHS = "$(inherited) @executable_path/Frameworks @loader_path/Frameworks";
				PRODUCT_BUNDLE_IDENTIFIER = "SurajPawar.AllInOne-ObjCUITests";
				PRODUCT_NAME = "$(TARGET_NAME)";
				TEST_TARGET_NAME = AllInOne_ObjC;
			};
			name = Debug;
		};
		C86183F41EAE60F8000C08DA /* Release */ = {
			isa = XCBuildConfiguration;
			buildSettings = {
				INFOPLIST_FILE = AllInOne_ObjCUITests/Info.plist;
				LD_RUNPATH_SEARCH_PATHS = "$(inherited) @executable_path/Frameworks @loader_path/Frameworks";
				PRODUCT_BUNDLE_IDENTIFIER = "SurajPawar.AllInOne-ObjCUITests";
				PRODUCT_NAME = "$(TARGET_NAME)";
				TEST_TARGET_NAME = AllInOne_ObjC;
			};
			name = Release;
		};
/* End XCBuildConfiguration section */

/* Begin XCConfigurationList section */
		C86183B71EAE60F7000C08DA /* Build configuration list for PBXProject "AllInOne_ObjC" */ = {
			isa = XCConfigurationList;
			buildConfigurations = (
				C86183EA1EAE60F7000C08DA /* Debug */,
				C86183EB1EAE60F7000C08DA /* Release */,
			);
			defaultConfigurationIsVisible = 0;
			defaultConfigurationName = Release;
		};
		C86183EC1EAE60F8000C08DA /* Build configuration list for PBXNativeTarget "AllInOne_ObjC" */ = {
			isa = XCConfigurationList;
			buildConfigurations = (
				C86183ED1EAE60F8000C08DA /* Debug */,
				C86183EE1EAE60F8000C08DA /* Release */,
			);
			defaultConfigurationIsVisible = 0;
			defaultConfigurationName = Release;
		};
		C86183EF1EAE60F8000C08DA /* Build configuration list for PBXNativeTarget "AllInOne_ObjCTests" */ = {
			isa = XCConfigurationList;
			buildConfigurations = (
				C86183F01EAE60F8000C08DA /* Debug */,
				C86183F11EAE60F8000C08DA /* Release */,
			);
			defaultConfigurationIsVisible = 0;
			defaultConfigurationName = Release;
		};
		C86183F21EAE60F8000C08DA /* Build configuration list for PBXNativeTarget "AllInOne_ObjCUITests" */ = {
			isa = XCConfigurationList;
			buildConfigurations = (
				C86183F31EAE60F8000C08DA /* Debug */,
				C86183F41EAE60F8000C08DA /* Release */,
			);
			defaultConfigurationIsVisible = 0;
			defaultConfigurationName = Release;
		};
/* End XCConfigurationList section */

/* Begin XCVersionGroup section */
		C86183CB1EAE60F7000C08DA /* AllInOne_ObjC.xcdatamodeld */ = {
			isa = XCVersionGroup;
			children = (
				C86183CC1EAE60F7000C08DA /* AllInOne_ObjC.xcdatamodel */,
			);
			currentVersion = C86183CC1EAE60F7000C08DA /* AllInOne_ObjC.xcdatamodel */;
			path = AllInOne_ObjC.xcdatamodeld;
			sourceTree = "<group>";
			versionGroupType = wrapper.xcdatamodel;
		};
/* End XCVersionGroup section */
	};
	rootObject = C86183B41EAE60F7000C08DA /* Project object */;
}
